
Microsoft Visual Studio Solution File, Format Version 12.00
# Visual Studio Version 16
VisualStudioVersion = 16.0.31410.357
MinimumVisualStudioVersion = 10.0.40219.1
Project("{FAE04EC0-301F-11D3-BF4B-00C04F79EFBC}") = "BackEnd", "BackEnd\BackEnd.csproj", "{DD372420-6BB4-4EE5-ADBC-E70D2CE9D753}"
EndProject
Global
	GlobalSection(SolutionConfigurationPlatforms) = preSolution
		Debug|Any CPU = Debug|Any CPU
		Release|Any CPU = Release|Any CPU
	EndGlobalSection
	GlobalSection(ProjectConfigurationPlatforms) = postSolution
		{DD372420-6BB4-4EE5-ADBC-E70D2CE9D753}.Debug|Any CPU.ActiveCfg = Debug|Any CPU
		{DD372420-6BB4-4EE5-ADBC-E70D2CE9D753}.Debug|Any CPU.Build.0 = Debug|Any CPU
		{DD372420-6BB4-4EE5-ADBC-E70D2CE9D753}.Release|Any CPU.ActiveCfg = Release|Any CPU
		{DD372420-6BB4-4EE5-ADBC-E70D2CE9D753}.Release|Any CPU.Build.0 = Release|Any CPU
	EndGlobalSection
	GlobalSection(SolutionProperties) = preSolution
		HideSolutionNode = FALSE
	EndGlobalSection
	GlobalSection(ExtensibilityGlobals) = postSolution
		SolutionGuid = {9101E6BF-F8D6-4A9C-B2B7-4170AD6D6C6E}
	EndGlobalSection
EndGlobal
